
Microsoft Visual Studio Solution File, Format Version 12.00
# Visual Studio Version 16
VisualStudioVersion = 16.0.30517.126
MinimumVisualStudioVersion = 10.0.40219.1
Project("{8BC9CEB8-8B4A-11D0-8D11-00A0C91BC942}") = "урок 20", "урок 20\урок 20.vcxproj", "{6DF37378-787A-491D-8E7D-86B85D0D18CF}"
EndProject
Global
	GlobalSection(SolutionConfigurationPlatforms) = preSolution
		Debug|x64 = Debug|x64
		Debug|x86 = Debug|x86
		Release|x64 = Release|x64
		Release|x86 = Release|x86
	EndGlobalSection
	GlobalSection(ProjectConfigurationPlatforms) = postSolution
		{6DF37378-787A-491D-8E7D-86B85D0D18CF}.Debug|x64.ActiveCfg = Debug|x64
		{6DF37378-787A-491D-8E7D-86B85D0D18CF}.Debug|x64.Build.0 = Debug|x64
		{6DF37378-787A-491D-8E7D-86B85D0D18CF}.Debug|x86.ActiveCfg = Debug|Win32
		{6DF37378-787A-491D-8E7D-86B85D0D18CF}.Debug|x86.Build.0 = Debug|Win32
		{6DF37378-787A-491D-8E7D-86B85D0D18CF}.Release|x64.ActiveCfg = Release|x64
		{6DF37378-787A-491D-8E7D-86B85D0D18CF}.Release|x64.Build.0 = Release|x64
		{6DF37378-787A-491D-8E7D-86B85D0D18CF}.Release|x86.ActiveCfg = Release|Win32
		{6DF37378-787A-491D-8E7D-86B85D0D18CF}.Release|x86.Build.0 = Release|Win32
	EndGlobalSection
	GlobalSection(SolutionProperties) = preSolution
		HideSolutionNode = FALSE
	EndGlobalSection
	GlobalSection(ExtensibilityGlobals) = postSolution
		SolutionGuid = {C65F2062-BB80-4828-B77E-0929F47BFD74}
	EndGlobalSection
EndGlobal
